// !$*UTF8*$!
{
	archiveVersion = 1;
	classes = {
	};
	objectVersion = 56;
	objects = {

/* Begin PBXBuildFile section */
		763D19E1292D0DCC008150DA /* Region.swift in Sources */ = {isa = PBXBuildFile; fileRef = 763D19E0292D0DCC008150DA /* Region.swift */; };
		763D19E3292D0E3F008150DA /* PharmacyDetail.swift in Sources */ = {isa = PBXBuildFile; fileRef = 763D19E2292D0E3F008150DA /* PharmacyDetail.swift */; };
		763D19E5292D1EF4008150DA /* RegionViewController.swift in Sources */ = {isa = PBXBuildFile; fileRef = 763D19E4292D1EF4008150DA /* RegionViewController.swift */; };
		763D19EA292D2062008150DA /* RegionTableViewCell.swift in Sources */ = {isa = PBXBuildFile; fileRef = 763D19E9292D2062008150DA /* RegionTableViewCell.swift */; };
		763D19EC292D3781008150DA /* Pharmacy.swift in Sources */ = {isa = PBXBuildFile; fileRef = 763D19EB292D3781008150DA /* Pharmacy.swift */; };
		763D19EE292D39D5008150DA /* PharmacyTableViewCell.swift in Sources */ = {isa = PBXBuildFile; fileRef = 763D19ED292D39D5008150DA /* PharmacyTableViewCell.swift */; };
		763D19F0292D3A7C008150DA /* PharmacyViewController.swift in Sources */ = {isa = PBXBuildFile; fileRef = 763D19EF292D3A7C008150DA /* PharmacyViewController.swift */; };
		763D19F2292D478D008150DA /* PharmacyDetailViewController.swift in Sources */ = {isa = PBXBuildFile; fileRef = 763D19F1292D478D008150DA /* PharmacyDetailViewController.swift */; };
		766FFEC5292CDB4A00592C59 /* PharmacyDataSource.swift in Sources */ = {isa = PBXBuildFile; fileRef = 766FFEC4292CDB4A00592C59 /* PharmacyDataSource.swift */; };
		766FFEC7292CDB9000592C59 /* City.swift in Sources */ = {isa = PBXBuildFile; fileRef = 766FFEC6292CDB9000592C59 /* City.swift */; };
		766FFEC9292CE17B00592C59 /* PharmacyDelegate.swift in Sources */ = {isa = PBXBuildFile; fileRef = 766FFEC8292CE17B00592C59 /* PharmacyDelegate.swift */; };
		76BB379B292CBBA7002A3AEB /* AppDelegate.swift in Sources */ = {isa = PBXBuildFile; fileRef = 76BB379A292CBBA7002A3AEB /* AppDelegate.swift */; };
		76BB379D292CBBA7002A3AEB /* SceneDelegate.swift in Sources */ = {isa = PBXBuildFile; fileRef = 76BB379C292CBBA7002A3AEB /* SceneDelegate.swift */; };
		76BB379F292CBBA7002A3AEB /* MainViewController.swift in Sources */ = {isa = PBXBuildFile; fileRef = 76BB379E292CBBA7002A3AEB /* MainViewController.swift */; };
		76BB37A2292CBBA8002A3AEB /* Main.storyboard in Resources */ = {isa = PBXBuildFile; fileRef = 76BB37A0292CBBA8002A3AEB /* Main.storyboard */; };
		76BB37A4292CBBAC002A3AEB /* Assets.xcassets in Resources */ = {isa = PBXBuildFile; fileRef = 76BB37A3292CBBAC002A3AEB /* Assets.xcassets */; };
		76BB37A7292CBBAC002A3AEB /* LaunchScreen.storyboard in Resources */ = {isa = PBXBuildFile; fileRef = 76BB37A5292CBBAC002A3AEB /* LaunchScreen.storyboard */; };
		76BB37B3292CD93A002A3AEB /* CityTableViewCell.swift in Sources */ = {isa = PBXBuildFile; fileRef = 76BB37B2292CD93A002A3AEB /* CityTableViewCell.swift */; };
/* End PBXBuildFile section */

/* Begin PBXFileReference section */
		763D19E0292D0DCC008150DA /* Region.swift */ = {isa = PBXFileReference; lastKnownFileType = sourcecode.swift; path = Region.swift; sourceTree = "<group>"; };
		763D19E2292D0E3F008150DA /* PharmacyDetail.swift */ = {isa = PBXFileReference; lastKnownFileType = sourcecode.swift; path = PharmacyDetail.swift; sourceTree = "<group>"; };
		763D19E4292D1EF4008150DA /* RegionViewController.swift */ = {isa = PBXFileReference; lastKnownFileType = sourcecode.swift; path = RegionViewController.swift; sourceTree = "<group>"; };
		763D19E9292D2062008150DA /* RegionTableViewCell.swift */ = {isa = PBXFileReference; lastKnownFileType = sourcecode.swift; path = RegionTableViewCell.swift; sourceTree = "<group>"; };
		763D19EB292D3781008150DA /* Pharmacy.swift */ = {isa = PBXFileReference; lastKnownFileType = sourcecode.swift; path = Pharmacy.swift; sourceTree = "<group>"; };
		763D19ED292D39D5008150DA /* PharmacyTableViewCell.swift */ = {isa = PBXFileReference; lastKnownFileType = sourcecode.swift; path = PharmacyTableViewCell.swift; sourceTree = "<group>"; };
		763D19EF292D3A7C008150DA /* PharmacyViewController.swift */ = {isa = PBXFileReference; lastKnownFileType = sourcecode.swift; path = PharmacyViewController.swift; sourceTree = "<group>"; };
		763D19F1292D478D008150DA /* PharmacyDetailViewController.swift */ = {isa = PBXFileReference; lastKnownFileType = sourcecode.swift; path = PharmacyDetailViewController.swift; sourceTree = "<group>"; };
		766FFEC4292CDB4A00592C59 /* PharmacyDataSource.swift */ = {isa = PBXFileReference; lastKnownFileType = sourcecode.swift; path = PharmacyDataSource.swift; sourceTree = "<group>"; };
		766FFEC6292CDB9000592C59 /* City.swift */ = {isa = PBXFileReference; lastKnownFileType = sourcecode.swift; path = City.swift; sourceTree = "<group>"; };
		766FFEC8292CE17B00592C59 /* PharmacyDelegate.swift */ = {isa = PBXFileReference; lastKnownFileType = sourcecode.swift; path = PharmacyDelegate.swift; sourceTree = "<group>"; };
		76BB3797292CBBA7002A3AEB /* PharmacyFinder.app */ = {isa = PBXFileReference; explicitFileType = wrapper.application; includeInIndex = 0; path = PharmacyFinder.app; sourceTree = BUILT_PRODUCTS_DIR; };
		76BB379A292CBBA7002A3AEB /* AppDelegate.swift */ = {isa = PBXFileReference; lastKnownFileType = sourcecode.swift; path = AppDelegate.swift; sourceTree = "<group>"; };
		76BB379C292CBBA7002A3AEB /* SceneDelegate.swift */ = {isa = PBXFileReference; lastKnownFileType = sourcecode.swift; path = SceneDelegate.swift; sourceTree = "<group>"; };
		76BB379E292CBBA7002A3AEB /* MainViewController.swift */ = {isa = PBXFileReference; lastKnownFileType = sourcecode.swift; path = MainViewController.swift; sourceTree = "<group>"; };
		76BB37A1292CBBA8002A3AEB /* Base */ = {isa = PBXFileReference; lastKnownFileType = file.storyboard; name = Base; path = Base.lproj/Main.storyboard; sourceTree = "<group>"; };
		76BB37A3292CBBAC002A3AEB /* Assets.xcassets */ = {isa = PBXFileReference; lastKnownFileType = folder.assetcatalog; path = Assets.xcassets; sourceTree = "<group>"; };
		76BB37A6292CBBAC002A3AEB /* Base */ = {isa = PBXFileReference; lastKnownFileType = file.storyboard; name = Base; path = Base.lproj/LaunchScreen.storyboard; sourceTree = "<group>"; };
		76BB37A8292CBBAC002A3AEB /* Info.plist */ = {isa = PBXFileReference; lastKnownFileType = text.plist.xml; path = Info.plist; sourceTree = "<group>"; };
		76BB37B2292CD93A002A3AEB /* CityTableViewCell.swift */ = {isa = PBXFileReference; lastKnownFileType = sourcecode.swift; path = CityTableViewCell.swift; sourceTree = "<group>"; };
/* End PBXFileReference section */

/* Begin PBXFrameworksBuildPhase section */
		76BB3794292CBBA7002A3AEB /* Frameworks */ = {
			isa = PBXFrameworksBuildPhase;
			buildActionMask = 2147483647;
			files = (
			);
			runOnlyForDeploymentPostprocessing = 0;
		};
/* End PBXFrameworksBuildPhase section */

/* Begin PBXGroup section */
		763D19E6292D1FAC008150DA /* Cells */ = {
			isa = PBXGroup;
			children = (
				76BB37B2292CD93A002A3AEB /* CityTableViewCell.swift */,
				763D19E9292D2062008150DA /* RegionTableViewCell.swift */,
				763D19ED292D39D5008150DA /* PharmacyTableViewCell.swift */,
			);
			path = Cells;
			sourceTree = "<group>";
		};
		76BB378E292CBBA7002A3AEB = {
			isa = PBXGroup;
			children = (
				76BB3799292CBBA7002A3AEB /* PharmacyFinder */,
				76BB3798292CBBA7002A3AEB /* Products */,
			);
			sourceTree = "<group>";
		};
		76BB3798292CBBA7002A3AEB /* Products */ = {
			isa = PBXGroup;
			children = (
				76BB3797292CBBA7002A3AEB /* PharmacyFinder.app */,
			);
			name = Products;
			sourceTree = "<group>";
		};
		76BB3799292CBBA7002A3AEB /* PharmacyFinder */ = {
			isa = PBXGroup;
			children = (
				76BB37B1292CD894002A3AEB /* Controllers */,
				76BB37AF292CD871002A3AEB /* Delegate */,
				76BB37AE292CD44C002A3AEB /* Model */,
				76BB379A292CBBA7002A3AEB /* AppDelegate.swift */,
				76BB379C292CBBA7002A3AEB /* SceneDelegate.swift */,
				76BB37A0292CBBA8002A3AEB /* Main.storyboard */,
				76BB37A3292CBBAC002A3AEB /* Assets.xcassets */,
				76BB37A5292CBBAC002A3AEB /* LaunchScreen.storyboard */,
				76BB37A8292CBBAC002A3AEB /* Info.plist */,
			);
			path = PharmacyFinder;
			sourceTree = "<group>";
		};
		76BB37AE292CD44C002A3AEB /* Model */ = {
			isa = PBXGroup;
			children = (
				766FFEC4292CDB4A00592C59 /* PharmacyDataSource.swift */,
				766FFEC6292CDB9000592C59 /* City.swift */,
				763D19E0292D0DCC008150DA /* Region.swift */,
				763D19E2292D0E3F008150DA /* PharmacyDetail.swift */,
				763D19EB292D3781008150DA /* Pharmacy.swift */,
			);
			path = Model;
			sourceTree = "<group>";
		};
		76BB37AF292CD871002A3AEB /* Delegate */ = {
			isa = PBXGroup;
			children = (
				766FFEC8292CE17B00592C59 /* PharmacyDelegate.swift */,
			);
			path = Delegate;
			sourceTree = "<group>";
		};
		76BB37B1292CD894002A3AEB /* Controllers */ = {
			isa = PBXGroup;
			children = (
				763D19E6292D1FAC008150DA /* Cells */,
				76BB379E292CBBA7002A3AEB /* MainViewController.swift */,
				763D19E4292D1EF4008150DA /* RegionViewController.swift */,
				763D19EF292D3A7C008150DA /* PharmacyViewController.swift */,
				763D19F1292D478D008150DA /* PharmacyDetailViewController.swift */,
			);
			path = Controllers;
			sourceTree = "<group>";
		};
/* End PBXGroup section */

/* Begin PBXNativeTarget section */
		76BB3796292CBBA7002A3AEB /* PharmacyFinder */ = {
			isa = PBXNativeTarget;
			buildConfigurationList = 76BB37AB292CBBAC002A3AEB /* Build configuration list for PBXNativeTarget "PharmacyFinder" */;
			buildPhases = (
				76BB3793292CBBA7002A3AEB /* Sources */,
				76BB3794292CBBA7002A3AEB /* Frameworks */,
				76BB3795292CBBA7002A3AEB /* Resources */,
			);
			buildRules = (
			);
			dependencies = (
			);
			name = PharmacyFinder;
			productName = PharmacyFinder;
			productReference = 76BB3797292CBBA7002A3AEB /* PharmacyFinder.app */;
			productType = "com.apple.product-type.application";
		};
/* End PBXNativeTarget section */

/* Begin PBXProject section */
		76BB378F292CBBA7002A3AEB /* Project object */ = {
			isa = PBXProject;
			attributes = {
				BuildIndependentTargetsInParallel = 1;
				LastSwiftUpdateCheck = 1410;
				LastUpgradeCheck = 1410;
				TargetAttributes = {
					76BB3796292CBBA7002A3AEB = {
						CreatedOnToolsVersion = 14.1;
					};
				};
			};
			buildConfigurationList = 76BB3792292CBBA7002A3AEB /* Build configuration list for PBXProject "PharmacyFinder" */;
			compatibilityVersion = "Xcode 14.0";
			developmentRegion = en;
			hasScannedForEncodings = 0;
			knownRegions = (
				en,
				Base,
			);
			mainGroup = 76BB378E292CBBA7002A3AEB;
			productRefGroup = 76BB3798292CBBA7002A3AEB /* Products */;
			projectDirPath = "";
			projectRoot = "";
			targets = (
				76BB3796292CBBA7002A3AEB /* PharmacyFinder */,
			);
		};
/* End PBXProject section */

/* Begin PBXResourcesBuildPhase section */
		76BB3795292CBBA7002A3AEB /* Resources */ = {
			isa = PBXResourcesBuildPhase;
			buildActionMask = 2147483647;
			files = (
				76BB37A7292CBBAC002A3AEB /* LaunchScreen.storyboard in Resources */,
				76BB37A4292CBBAC002A3AEB /* Assets.xcassets in Resources */,
				76BB37A2292CBBA8002A3AEB /* Main.storyboard in Resources */,
			);
			runOnlyForDeploymentPostprocessing = 0;
		};
/* End PBXResourcesBuildPhase section */

/* Begin PBXSourcesBuildPhase section */
		76BB3793292CBBA7002A3AEB /* Sources */ = {
			isa = PBXSourcesBuildPhase;
			buildActionMask = 2147483647;
			files = (
				763D19E5292D1EF4008150DA /* RegionViewController.swift in Sources */,
				766FFEC5292CDB4A00592C59 /* PharmacyDataSource.swift in Sources */,
				763D19EC292D3781008150DA /* Pharmacy.swift in Sources */,
				763D19F2292D478D008150DA /* PharmacyDetailViewController.swift in Sources */,
				76BB379F292CBBA7002A3AEB /* MainViewController.swift in Sources */,
				766FFEC7292CDB9000592C59 /* City.swift in Sources */,
				763D19E1292D0DCC008150DA /* Region.swift in Sources */,
				76BB379B292CBBA7002A3AEB /* AppDelegate.swift in Sources */,
				76BB37B3292CD93A002A3AEB /* CityTableViewCell.swift in Sources */,
				763D19E3292D0E3F008150DA /* PharmacyDetail.swift in Sources */,
				76BB379D292CBBA7002A3AEB /* SceneDelegate.swift in Sources */,
				766FFEC9292CE17B00592C59 /* PharmacyDelegate.swift in Sources */,
				763D19F0292D3A7C008150DA /* PharmacyViewController.swift in Sources */,
				763D19EA292D2062008150DA /* RegionTableViewCell.swift in Sources */,
				763D19EE292D39D5008150DA /* PharmacyTableViewCell.swift in Sources */,
			);
			runOnlyForDeploymentPostprocessing = 0;
		};
/* End PBXSourcesBuildPhase section */

/* Begin PBXVariantGroup section */
		76BB37A0292CBBA8002A3AEB /* Main.storyboard */ = {
			isa = PBXVariantGroup;
			children = (
				76BB37A1292CBBA8002A3AEB /* Base */,
			);
			name = Main.storyboard;
			sourceTree = "<group>";
		};
		76BB37A5292CBBAC002A3AEB /* LaunchScreen.storyboard */ = {
			isa = PBXVariantGroup;
			children = (
				76BB37A6292CBBAC002A3AEB /* Base */,
			);
			name = LaunchScreen.storyboard;
			sourceTree = "<group>";
		};
/* End PBXVariantGroup section */

/* Begin XCBuildConfiguration section */
		76BB37A9292CBBAC002A3AEB /* Debug */ = {
			isa = XCBuildConfiguration;
			buildSettings = {
				ALWAYS_SEARCH_USER_PATHS = NO;
				CLANG_ANALYZER_NONNULL = YES;
				CLANG_ANALYZER_NUMBER_OBJECT_CONVERSION = YES_AGGRESSIVE;
				CLANG_CXX_LANGUAGE_STANDARD = "gnu++20";
				CLANG_ENABLE_MODULES = YES;
				CLANG_ENABLE_OBJC_ARC = YES;
				CLANG_ENABLE_OBJC_WEAK = YES;
				CLANG_WARN_BLOCK_CAPTURE_AUTORELEASING = YES;
				CLANG_WARN_BOOL_CONVERSION = YES;
				CLANG_WARN_COMMA = YES;
				CLANG_WARN_CONSTANT_CONVERSION = YES;
				CLANG_WARN_DEPRECATED_OBJC_IMPLEMENTATIONS = YES;
				CLANG_WARN_DIRECT_OBJC_ISA_USAGE = YES_ERROR;
				CLANG_WARN_DOCUMENTATION_COMMENTS = YES;
				CLANG_WARN_EMPTY_BODY = YES;
				CLANG_WARN_ENUM_CONVERSION = YES;
				CLANG_WARN_INFINITE_RECURSION = YES;
				CLANG_WARN_INT_CONVERSION = YES;
				CLANG_WARN_NON_LITERAL_NULL_CONVERSION = YES;
				CLANG_WARN_OBJC_IMPLICIT_RETAIN_SELF = YES;
				CLANG_WARN_OBJC_LITERAL_CONVERSION = YES;
				CLANG_WARN_OBJC_ROOT_CLASS = YES_ERROR;
				CLANG_WARN_QUOTED_INCLUDE_IN_FRAMEWORK_HEADER = YES;
				CLANG_WARN_RANGE_LOOP_ANALYSIS = YES;
				CLANG_WARN_STRICT_PROTOTYPES = YES;
				CLANG_WARN_SUSPICIOUS_MOVE = YES;
				CLANG_WARN_UNGUARDED_AVAILABILITY = YES_AGGRESSIVE;
				CLANG_WARN_UNREACHABLE_CODE = YES;
				CLANG_WARN__DUPLICATE_METHOD_MATCH = YES;
				COPY_PHASE_STRIP = NO;
				DEBUG_INFORMATION_FORMAT = dwarf;
				ENABLE_STRICT_OBJC_MSGSEND = YES;
				ENABLE_TESTABILITY = YES;
				GCC_C_LANGUAGE_STANDARD = gnu11;
				GCC_DYNAMIC_NO_PIC = NO;
				GCC_NO_COMMON_BLOCKS = YES;
				GCC_OPTIMIZATION_LEVEL = 0;
				GCC_PREPROCESSOR_DEFINITIONS = (
					"DEBUG=1",
					"$(inherited)",
				);
				GCC_WARN_64_TO_32_BIT_CONVERSION = YES;
				GCC_WARN_ABOUT_RETURN_TYPE = YES_ERROR;
				GCC_WARN_UNDECLARED_SELECTOR = YES;
				GCC_WARN_UNINITIALIZED_AUTOS = YES_AGGRESSIVE;
				GCC_WARN_UNUSED_FUNCTION = YES;
				GCC_WARN_UNUSED_VARIABLE = YES;
				IPHONEOS_DEPLOYMENT_TARGET = 16.1;
				MTL_ENABLE_DEBUG_INFO = INCLUDE_SOURCE;
				MTL_FAST_MATH = YES;
				ONLY_ACTIVE_ARCH = YES;
				SDKROOT = iphoneos;
				SWIFT_ACTIVE_COMPILATION_CONDITIONS = DEBUG;
				SWIFT_OPTIMIZATION_LEVEL = "-Onone";
			};
			name = Debug;
		};
		76BB37AA292CBBAC002A3AEB /* Release */ = {
			isa = XCBuildConfiguration;
			buildSettings = {
				ALWAYS_SEARCH_USER_PATHS = NO;
				CLANG_ANALYZER_NONNULL = YES;
				CLANG_ANALYZER_NUMBER_OBJECT_CONVERSION = YES_AGGRESSIVE;
				CLANG_CXX_LANGUAGE_STANDARD = "gnu++20";
				CLANG_ENABLE_MODULES = YES;
				CLANG_ENABLE_OBJC_ARC = YES;
				CLANG_ENABLE_OBJC_WEAK = YES;
				CLANG_WARN_BLOCK_CAPTURE_AUTORELEASING = YES;
				CLANG_WARN_BOOL_CONVERSION = YES;
				CLANG_WARN_COMMA = YES;
				CLANG_WARN_CONSTANT_CONVERSION = YES;
				CLANG_WARN_DEPRECATED_OBJC_IMPLEMENTATIONS = YES;
				CLANG_WARN_DIRECT_OBJC_ISA_USAGE = YES_ERROR;
				CLANG_WARN_DOCUMENTATION_COMMENTS = YES;
				CLANG_WARN_EMPTY_BODY = YES;
				CLANG_WARN_ENUM_CONVERSION = YES;
				CLANG_WARN_INFINITE_RECURSION = YES;
				CLANG_WARN_INT_CONVERSION = YES;
				CLANG_WARN_NON_LITERAL_NULL_CONVERSION = YES;
				CLANG_WARN_OBJC_IMPLICIT_RETAIN_SELF = YES;
				CLANG_WARN_OBJC_LITERAL_CONVERSION = YES;
				CLANG_WARN_OBJC_ROOT_CLASS = YES_ERROR;
				CLANG_WARN_QUOTED_INCLUDE_IN_FRAMEWORK_HEADER = YES;
				CLANG_WARN_RANGE_LOOP_ANALYSIS = YES;
				CLANG_WARN_STRICT_PROTOTYPES = YES;
				CLANG_WARN_SUSPICIOUS_MOVE = YES;
				CLANG_WARN_UNGUARDED_AVAILABILITY = YES_AGGRESSIVE;
				CLANG_WARN_UNREACHABLE_CODE = YES;
				CLANG_WARN__DUPLICATE_METHOD_MATCH = YES;
				COPY_PHASE_STRIP = NO;
				DEBUG_INFORMATION_FORMAT = "dwarf-with-dsym";
				ENABLE_NS_ASSERTIONS = NO;
				ENABLE_STRICT_OBJC_MSGSEND = YES;
				GCC_C_LANGUAGE_STANDARD = gnu11;
				GCC_NO_COMMON_BLOCKS = YES;
				GCC_WARN_64_TO_32_BIT_CONVERSION = YES;
				GCC_WARN_ABOUT_RETURN_TYPE = YES_ERROR;
				GCC_WARN_UNDECLARED_SELECTOR = YES;
				GCC_WARN_UNINITIALIZED_AUTOS = YES_AGGRESSIVE;
				GCC_WARN_UNUSED_FUNCTION = YES;
				GCC_WARN_UNUSED_VARIABLE = YES;
				IPHONEOS_DEPLOYMENT_TARGET = 16.1;
				MTL_ENABLE_DEBUG_INFO = NO;
				MTL_FAST_MATH = YES;
				SDKROOT = iphoneos;
				SWIFT_COMPILATION_MODE = wholemodule;
				SWIFT_OPTIMIZATION_LEVEL = "-O";
				VALIDATE_PRODUCT = YES;
			};
			name = Release;
		};
		76BB37AC292CBBAC002A3AEB /* Debug */ = {
			isa = XCBuildConfiguration;
			buildSettings = {
				ASSETCATALOG_COMPILER_APPICON_NAME = AppIcon;
				ASSETCATALOG_COMPILER_GLOBAL_ACCENT_COLOR_NAME = AccentColor;
				CODE_SIGN_STYLE = Automatic;
				CURRENT_PROJECT_VERSION = 1;
				DEVELOPMENT_TEAM = G9832SJ5WS;
				GENERATE_INFOPLIST_FILE = YES;
				INFOPLIST_FILE = PharmacyFinder/Info.plist;
				INFOPLIST_KEY_UIApplicationSupportsIndirectInputEvents = YES;
				INFOPLIST_KEY_UILaunchStoryboardName = LaunchScreen;
				INFOPLIST_KEY_UIMainStoryboardFile = Main;
				INFOPLIST_KEY_UISupportedInterfaceOrientations_iPad = "UIInterfaceOrientationPortrait UIInterfaceOrientationPortraitUpsideDown UIInterfaceOrientationLandscapeLeft UIInterfaceOrientationLandscapeRight";
				INFOPLIST_KEY_UISupportedInterfaceOrientations_iPhone = "UIInterfaceOrientationPortrait UIInterfaceOrientationLandscapeLeft UIInterfaceOrientationLandscapeRight";
				IPHONEOS_DEPLOYMENT_TARGET = 15.0;
				LD_RUNPATH_SEARCH_PATHS = (
					"$(inherited)",
					"@executable_path/Frameworks",
				);
				MARKETING_VERSION = 1.0;
				PRODUCT_BUNDLE_IDENTIFIER = DebuggerGames.PharmacyFinder;
				PRODUCT_NAME = "$(TARGET_NAME)";
				SWIFT_EMIT_LOC_STRINGS = YES;
				SWIFT_VERSION = 5.0;
				TARGETED_DEVICE_FAMILY = "1,2";
			};
			name = Debug;
		};
		76BB37AD292CBBAC002A3AEB /* Release */ = {
			isa = XCBuildConfiguration;
			buildSettings = {
				ASSETCATALOG_COMPILER_APPICON_NAME = AppIcon;
				ASSETCATALOG_COMPILER_GLOBAL_ACCENT_COLOR_NAME = AccentColor;
				CODE_SIGN_STYLE = Automatic;
				CURRENT_PROJECT_VERSION = 1;
				DEVELOPMENT_TEAM = G9832SJ5WS;
				GENERATE_INFOPLIST_FILE = YES;
				INFOPLIST_FILE = PharmacyFinder/Info.plist;
				INFOPLIST_KEY_UIApplicationSupportsIndirectInputEvents = YES;
				INFOPLIST_KEY_UILaunchStoryboardName = LaunchScreen;
				INFOPLIST_KEY_UIMainStoryboardFile = Main;
				INFOPLIST_KEY_UISupportedInterfaceOrientations_iPad = "UIInterfaceOrientationPortrait UIInterfaceOrientationPortraitUpsideDown UIInterfaceOrientationLandscapeLeft UIInterfaceOrientationLandscapeRight";
				INFOPLIST_KEY_UISupportedInterfaceOrientations_iPhone = "UIInterfaceOrientationPortrait UIInterfaceOrientationLandscapeLeft UIInterfaceOrientationLandscapeRight";
				IPHONEOS_DEPLOYMENT_TARGET = 15.0;
				LD_RUNPATH_SEARCH_PATHS = (
					"$(inherited)",
					"@executable_path/Frameworks",
				);
				MARKETING_VERSION = 1.0;
				PRODUCT_BUNDLE_IDENTIFIER = DebuggerGames.PharmacyFinder;
				PRODUCT_NAME = "$(TARGET_NAME)";
				SWIFT_EMIT_LOC_STRINGS = YES;
				SWIFT_VERSION = 5.0;
				TARGETED_DEVICE_FAMILY = "1,2";
			};
			name = Release;
		};
/* End XCBuildConfiguration section */

/* Begin XCConfigurationList section */
		76BB3792292CBBA7002A3AEB /* Build configuration list for PBXProject "PharmacyFinder" */ = {
			isa = XCConfigurationList;
			buildConfigurations = (
				76BB37A9292CBBAC002A3AEB /* Debug */,
				76BB37AA292CBBAC002A3AEB /* Release */,
			);
			defaultConfigurationIsVisible = 0;
			defaultConfigurationName = Release;
		};
		76BB37AB292CBBAC002A3AEB /* Build configuration list for PBXNativeTarget "PharmacyFinder" */ = {
			isa = XCConfigurationList;
			buildConfigurations = (
				76BB37AC292CBBAC002A3AEB /* Debug */,
				76BB37AD292CBBAC002A3AEB /* Release */,
			);
			defaultConfigurationIsVisible = 0;
			defaultConfigurationName = Release;
		};
/* End XCConfigurationList section */
	};
	rootObject = 76BB378F292CBBA7002A3AEB /* Project object */;
}
